Microsoft Visual Studio Solution File, Format Version 12.00
# Visual Studio Version 17
VisualStudioVersion = 17.5.2.0
MinimumVisualStudioVersion = 10.0.40219.1
Project("{FAE04EC0-301F-11D3-BF4B-00C04F79EFBC}") = "DottIn.Mobile", "DottIn.Mobile.csproj", "{BCA44C55-B8FB-3026-DD17-8CC203B0FE19}"
EndProject
Global
	GlobalSection(SolutionConfigurationPlatforms) = preSolution
		Debug|Any CPU = Debug|Any CPU
		Release|Any CPU = Release|Any CPU
	EndGlobalSection
	GlobalSection(ProjectConfigurationPlatforms) = postSolution
		{BCA44C55-B8FB-3026-DD17-8CC203B0FE19}.Debug|Any CPU.ActiveCfg = Debug|Any CPU
		{BCA44C55-B8FB-3026-DD17-8CC203B0FE19}.Debug|Any CPU.Build.0 = Debug|Any CPU
		{BCA44C55-B8FB-3026-DD17-8CC203B0FE19}.Release|Any CPU.ActiveCfg = Release|Any CPU
		{BCA44C55-B8FB-3026-DD17-8CC203B0FE19}.Release|Any CPU.Build.0 = Release|Any CPU
	EndGlobalSection
	GlobalSection(SolutionProperties) = preSolution
		HideSolutionNode = FALSE
	EndGlobalSection
	GlobalSection(ExtensibilityGlobals) = postSolution
		SolutionGuid = {995AABE5-5786-41AC-8DBB-24686FA7EEA6}
	EndGlobalSection
EndGlobal
